
Microsoft Visual Studio Solution File, Format Version 10.00
# Visual C# Express 2008
Project("{FAE04EC0-301F-11D3-BF4B-00C04F79EFBC}") = "VS_1_1", "VS_1_1\VS_1_1.csproj", "{437C9769-AB91-4A47-ABD8-C2FE395244E8}"
EndProject
Global
	GlobalSection(SolutionConfigurationPlatforms) = preSolution
		Debug|Any CPU = Debug|Any CPU
		Release|Any CPU = Release|Any CPU
	EndGlobalSection
	GlobalSection(ProjectConfigurationPlatforms) = postSolution
		{437C9769-AB91-4A47-ABD8-C2FE395244E8}.Debug|Any CPU.ActiveCfg = Debug|Any CPU
		{437C9769-AB91-4A47-ABD8-C2FE395244E8}.Debug|Any CPU.Build.0 = Debug|Any CPU
		{437C9769-AB91-4A47-ABD8-C2FE395244E8}.Release|Any CPU.ActiveCfg = Release|Any CPU
		{437C9769-AB91-4A47-ABD8-C2FE395244E8}.Release|Any CPU.Build.0 = Release|Any CPU
	EndGlobalSection
	GlobalSection(SolutionProperties) = preSolution
		HideSolutionNode = FALSE
	EndGlobalSection
EndGlobal
